// !$*UTF8*$!
{
	archiveVersion = 1;
	classes = {
	};
	objectVersion = 46;
	objects = {

/* Begin PBXBuildFile section */
		3E13A32B8A725FD65C1AB31D /* libPods-OpenEvent.a in Frameworks */ = {isa = PBXBuildFile; fileRef = D0881695BBD598C7FEBC3FA3 /* libPods-OpenEvent.a */; };
		DC1FEBC51C610B1A00AAEF2E /* OEVersion+CoreDataProperties.m in Sources */ = {isa = PBXBuildFile; fileRef = DC1FEBAA1C610B1A00AAEF2E /* OEVersion+CoreDataProperties.m */; };
		DC1FEBC61C610B1A00AAEF2E /* OEVersion.m in Sources */ = {isa = PBXBuildFile; fileRef = DC1FEBAC1C610B1A00AAEF2E /* OEVersion.m */; };
		DC1FEBC71C610B1A00AAEF2E /* OEMicroLocation+CoreDataProperties.m in Sources */ = {isa = PBXBuildFile; fileRef = DC1FEBAE1C610B1A00AAEF2E /* OEMicroLocation+CoreDataProperties.m */; };
		DC1FEBC81C610B1A00AAEF2E /* OEMicroLocation.m in Sources */ = {isa = PBXBuildFile; fileRef = DC1FEBB01C610B1A00AAEF2E /* OEMicroLocation.m */; };
		DC1FEBC91C610B1A00AAEF2E /* OEEvent+CoreDataProperties.m in Sources */ = {isa = PBXBuildFile; fileRef = DC1FEBB21C610B1A00AAEF2E /* OEEvent+CoreDataProperties.m */; };
		DC1FEBCA1C610B1A00AAEF2E /* OEEvent.m in Sources */ = {isa = PBXBuildFile; fileRef = DC1FEBB41C610B1A00AAEF2E /* OEEvent.m */; };
		DC1FEBCB1C610B1A00AAEF2E /* OESponsor+CoreDataProperties.m in Sources */ = {isa = PBXBuildFile; fileRef = DC1FEBB61C610B1A00AAEF2E /* OESponsor+CoreDataProperties.m */; };
		DC1FEBCC1C610B1A00AAEF2E /* OESponsor.m in Sources */ = {isa = PBXBuildFile; fileRef = DC1FEBB81C610B1A00AAEF2E /* OESponsor.m */; };
		DC1FEBCD1C610B1A00AAEF2E /* OESpeaker+CoreDataProperties.m in Sources */ = {isa = PBXBuildFile; fileRef = DC1FEBBA1C610B1A00AAEF2E /* OESpeaker+CoreDataProperties.m */; };
		DC1FEBCE1C610B1A00AAEF2E /* OESpeaker.m in Sources */ = {isa = PBXBuildFile; fileRef = DC1FEBBC1C610B1A00AAEF2E /* OESpeaker.m */; };
		DC1FEBCF1C610B1A00AAEF2E /* OESession+CoreDataProperties.m in Sources */ = {isa = PBXBuildFile; fileRef = DC1FEBBE1C610B1A00AAEF2E /* OESession+CoreDataProperties.m */; };
		DC1FEBD01C610B1A00AAEF2E /* OESession.m in Sources */ = {isa = PBXBuildFile; fileRef = DC1FEBC01C610B1A00AAEF2E /* OESession.m */; };
		DC1FEBD11C610B1A00AAEF2E /* OETrack+CoreDataProperties.m in Sources */ = {isa = PBXBuildFile; fileRef = DC1FEBC21C610B1A00AAEF2E /* OETrack+CoreDataProperties.m */; };
		DC1FEBD21C610B1A00AAEF2E /* OETrack.m in Sources */ = {isa = PBXBuildFile; fileRef = DC1FEBC41C610B1A00AAEF2E /* OETrack.m */; };
		DC678C741C6076F700E9D6D6 /* main.m in Sources */ = {isa = PBXBuildFile; fileRef = DC678C731C6076F700E9D6D6 /* main.m */; };
		DC678C771C6076F700E9D6D6 /* AppDelegate.m in Sources */ = {isa = PBXBuildFile; fileRef = DC678C761C6076F700E9D6D6 /* AppDelegate.m */; };
		DC678C7A1C6076F700E9D6D6 /* ViewController.m in Sources */ = {isa = PBXBuildFile; fileRef = DC678C791C6076F700E9D6D6 /* ViewController.m */; };
		DC678C7D1C6076F700E9D6D6 /* Main.storyboard in Resources */ = {isa = PBXBuildFile; fileRef = DC678C7B1C6076F700E9D6D6 /* Main.storyboard */; };
		DC678C801C6076F700E9D6D6 /* OpenEvent.xcdatamodeld in Sources */ = {isa = PBXBuildFile; fileRef = DC678C7E1C6076F700E9D6D6 /* OpenEvent.xcdatamodeld */; };
		DC678C821C6076F700E9D6D6 /* Assets.xcassets in Resources */ = {isa = PBXBuildFile; fileRef = DC678C811C6076F700E9D6D6 /* Assets.xcassets */; };
		DC678C851C6076F700E9D6D6 /* LaunchScreen.storyboard in Resources */ = {isa = PBXBuildFile; fileRef = DC678C831C6076F700E9D6D6 /* LaunchScreen.storyboard */; };
		DC678C901C6076F700E9D6D6 /* OpenEventTests.m in Sources */ = {isa = PBXBuildFile; fileRef = DC678C8F1C6076F700E9D6D6 /* OpenEventTests.m */; };
/* End PBXBuildFile section */

/* Begin PBXContainerItemProxy section */
		DC678C8C1C6076F700E9D6D6 /* PBXContainerItemProxy */ = {
			isa = PBXContainerItemProxy;
			containerPortal = DC678C671C6076F700E9D6D6 /* Project object */;
			proxyType = 1;
			remoteGlobalIDString = DC678C6E1C6076F700E9D6D6;
			remoteInfo = OpenEvent;
		};
/* End PBXContainerItemProxy section */

/* Begin PBXFileReference section */
		19BA460C2D1FE9459F980BA2 /* Pods-OpenEvent.release.xcconfig */ = {isa = PBXFileReference; includeInIndex = 1; lastKnownFileType = text.xcconfig; name = "Pods-OpenEvent.release.xcconfig"; path = "Pods/Target Support Files/Pods-OpenEvent/Pods-OpenEvent.release.xcconfig"; sourceTree = "<group>"; };
		D0881695BBD598C7FEBC3FA3 /* libPods-OpenEvent.a */ = {isa = PBXFileReference; explicitFileType = archive.ar; includeInIndex = 0; path = "libPods-OpenEvent.a"; sourceTree = BUILT_PRODUCTS_DIR; };
		DC1FEBA91C610B1A00AAEF2E /* OEVersion+CoreDataProperties.h */ = {isa = PBXFileReference; fileEncoding = 4; lastKnownFileType = sourcecode.c.h; path = "OEVersion+CoreDataProperties.h"; sourceTree = "<group>"; };
		DC1FEBAA1C610B1A00AAEF2E /* OEVersion+CoreDataProperties.m */ = {isa = PBXFileReference; fileEncoding = 4; lastKnownFileType = sourcecode.c.objc; path = "OEVersion+CoreDataProperties.m"; sourceTree = "<group>"; };
		DC1FEBAB1C610B1A00AAEF2E /* OEVersion.h */ = {isa = PBXFileReference; fileEncoding = 4; lastKnownFileType = sourcecode.c.h; path = OEVersion.h; sourceTree = "<group>"; };
		DC1FEBAC1C610B1A00AAEF2E /* OEVersion.m */ = {isa = PBXFileReference; fileEncoding = 4; lastKnownFileType = sourcecode.c.objc; path = OEVersion.m; sourceTree = "<group>"; };
		DC1FEBAD1C610B1A00AAEF2E /* OEMicroLocation+CoreDataProperties.h */ = {isa = PBXFileReference; fileEncoding = 4; lastKnownFileType = sourcecode.c.h; path = "OEMicroLocation+CoreDataProperties.h"; sourceTree = "<group>"; };
		DC1FEBAE1C610B1A00AAEF2E /* OEMicroLocation+CoreDataProperties.m */ = {isa = PBXFileReference; fileEncoding = 4; lastKnownFileType = sourcecode.c.objc; path = "OEMicroLocation+CoreDataProperties.m"; sourceTree = "<group>"; };
		DC1FEBAF1C610B1A00AAEF2E /* OEMicroLocation.h */ = {isa = PBXFileReference; fileEncoding = 4; lastKnownFileType = sourcecode.c.h; path = OEMicroLocation.h; sourceTree = "<group>"; };
		DC1FEBB01C610B1A00AAEF2E /* OEMicroLocation.m */ = {isa = PBXFileReference; fileEncoding = 4; lastKnownFileType = sourcecode.c.objc; path = OEMicroLocation.m; sourceTree = "<group>"; };
		DC1FEBB11C610B1A00AAEF2E /* OEEvent+CoreDataProperties.h */ = {isa = PBXFileReference; fileEncoding = 4; lastKnownFileType = sourcecode.c.h; path = "OEEvent+CoreDataProperties.h"; sourceTree = "<group>"; };
		DC1FEBB21C610B1A00AAEF2E /* OEEvent+CoreDataProperties.m */ = {isa = PBXFileReference; fileEncoding = 4; lastKnownFileType = sourcecode.c.objc; path = "OEEvent+CoreDataProperties.m"; sourceTree = "<group>"; };
		DC1FEBB31C610B1A00AAEF2E /* OEEvent.h */ = {isa = PBXFileReference; fileEncoding = 4; lastKnownFileType = sourcecode.c.h; path = OEEvent.h; sourceTree = "<group>"; };
		DC1FEBB41C610B1A00AAEF2E /* OEEvent.m */ = {isa = PBXFileReference; fileEncoding = 4; lastKnownFileType = sourcecode.c.objc; path = OEEvent.m; sourceTree = "<group>"; };
		DC1FEBB51C610B1A00AAEF2E /* OESponsor+CoreDataProperties.h */ = {isa = PBXFileReference; fileEncoding = 4; lastKnownFileType = sourcecode.c.h; path = "OESponsor+CoreDataProperties.h"; sourceTree = "<group>"; };
		DC1FEBB61C610B1A00AAEF2E /* OESponsor+CoreDataProperties.m */ = {isa = PBXFileReference; fileEncoding = 4; lastKnownFileType = sourcecode.c.objc; path = "OESponsor+CoreDataProperties.m"; sourceTree = "<group>"; };
		DC1FEBB71C610B1A00AAEF2E /* OESponsor.h */ = {isa = PBXFileReference; fileEncoding = 4; lastKnownFileType = sourcecode.c.h; path = OESponsor.h; sourceTree = "<group>"; };
		DC1FEBB81C610B1A00AAEF2E /* OESponsor.m */ = {isa = PBXFileReference; fileEncoding = 4; lastKnownFileType = sourcecode.c.objc; path = OESponsor.m; sourceTree = "<group>"; };
		DC1FEBB91C610B1A00AAEF2E /* OESpeaker+CoreDataProperties.h */ = {isa = PBXFileReference; fileEncoding = 4; lastKnownFileType = sourcecode.c.h; path = "OESpeaker+CoreDataProperties.h"; sourceTree = "<group>"; };
		DC1FEBBA1C610B1A00AAEF2E /* OESpeaker+CoreDataProperties.m */ = {isa = PBXFileReference; fileEncoding = 4; lastKnownFileType = sourcecode.c.objc; path = "OESpeaker+CoreDataProperties.m"; sourceTree = "<group>"; };
		DC1FEBBB1C610B1A00AAEF2E /* OESpeaker.h */ = {isa = PBXFileReference; fileEncoding = 4; lastKnownFileType = sourcecode.c.h; path = OESpeaker.h; sourceTree = "<group>"; };
		DC1FEBBC1C610B1A00AAEF2E /* OESpeaker.m */ = {isa = PBXFileReference; fileEncoding = 4; lastKnownFileType = sourcecode.c.objc; path = OESpeaker.m; sourceTree = "<group>"; };
		DC1FEBBD1C610B1A00AAEF2E /* OESession+CoreDataProperties.h */ = {isa = PBXFileReference; fileEncoding = 4; lastKnownFileType = sourcecode.c.h; path = "OESession+CoreDataProperties.h"; sourceTree = "<group>"; };
		DC1FEBBE1C610B1A00AAEF2E /* OESession+CoreDataProperties.m */ = {isa = PBXFileReference; fileEncoding = 4; lastKnownFileType = sourcecode.c.objc; path = "OESession+CoreDataProperties.m"; sourceTree = "<group>"; };
		DC1FEBBF1C610B1A00AAEF2E /* OESession.h */ = {isa = PBXFileReference; fileEncoding = 4; lastKnownFileType = sourcecode.c.h; path = OESession.h; sourceTree = "<group>"; };
		DC1FEBC01C610B1A00AAEF2E /* OESession.m */ = {isa = PBXFileReference; fileEncoding = 4; lastKnownFileType = sourcecode.c.objc; path = OESession.m; sourceTree = "<group>"; };
		DC1FEBC11C610B1A00AAEF2E /* OETrack+CoreDataProperties.h */ = {isa = PBXFileReference; fileEncoding = 4; lastKnownFileType = sourcecode.c.h; path = "OETrack+CoreDataProperties.h"; sourceTree = "<group>"; };
		DC1FEBC21C610B1A00AAEF2E /* OETrack+CoreDataProperties.m */ = {isa = PBXFileReference; fileEncoding = 4; lastKnownFileType = sourcecode.c.objc; path = "OETrack+CoreDataProperties.m"; sourceTree = "<group>"; };
		DC1FEBC31C610B1A00AAEF2E /* OETrack.h */ = {isa = PBXFileReference; fileEncoding = 4; lastKnownFileType = sourcecode.c.h; path = OETrack.h; sourceTree = "<group>"; };
		DC1FEBC41C610B1A00AAEF2E /* OETrack.m */ = {isa = PBXFileReference; fileEncoding = 4; lastKnownFileType = sourcecode.c.objc; path = OETrack.m; sourceTree = "<group>"; };
		DC678C6F1C6076F700E9D6D6 /* OpenEvent.app */ = {isa = PBXFileReference; explicitFileType = wrapper.application; includeInIndex = 0; path = OpenEvent.app; sourceTree = BUILT_PRODUCTS_DIR; };
		DC678C731C6076F700E9D6D6 /* main.m */ = {isa = PBXFileReference; lastKnownFileType = sourcecode.c.objc; path = main.m; sourceTree = "<group>"; };
		DC678C751C6076F700E9D6D6 /* AppDelegate.h */ = {isa = PBXFileReference; lastKnownFileType = sourcecode.c.h; path = AppDelegate.h; sourceTree = "<group>"; };
		DC678C761C6076F700E9D6D6 /* AppDelegate.m */ = {isa = PBXFileReference; lastKnownFileType = sourcecode.c.objc; path = AppDelegate.m; sourceTree = "<group>"; };
		DC678C781C6076F700E9D6D6 /* ViewController.h */ = {isa = PBXFileReference; lastKnownFileType = sourcecode.c.h; path = ViewController.h; sourceTree = "<group>"; };
		DC678C791C6076F700E9D6D6 /* ViewController.m */ = {isa = PBXFileReference; lastKnownFileType = sourcecode.c.objc; path = ViewController.m; sourceTree = "<group>"; };
		DC678C7C1C6076F700E9D6D6 /* Base */ = {isa = PBXFileReference; lastKnownFileType = file.storyboard; name = Base; path = Base.lproj/Main.storyboard; sourceTree = "<group>"; };
		DC678C7F1C6076F700E9D6D6 /* OpenEvent.xcdatamodel */ = {isa = PBXFileReference; lastKnownFileType = wrapper.xcdatamodel; path = OpenEvent.xcdatamodel; sourceTree = "<group>"; };
		DC678C811C6076F700E9D6D6 /* Assets.xcassets */ = {isa = PBXFileReference; lastKnownFileType = folder.assetcatalog; path = Assets.xcassets; sourceTree = "<group>"; };
		DC678C841C6076F700E9D6D6 /* Base */ = {isa = PBXFileReference; lastKnownFileType = file.storyboard; name = Base; path = Base.lproj/LaunchScreen.storyboard; sourceTree = "<group>"; };
		DC678C861C6076F700E9D6D6 /* Info.plist */ = {isa = PBXFileReference; lastKnownFileType = text.plist.xml; path = Info.plist; sourceTree = "<group>"; };
		DC678C8B1C6076F700E9D6D6 /* OpenEventTests.xctest */ = {isa = PBXFileReference; explicitFileType = wrapper.cfbundle; includeInIndex = 0; path = OpenEventTests.xctest; sourceTree = BUILT_PRODUCTS_DIR; };
		DC678C8F1C6076F700E9D6D6 /* OpenEventTests.m */ = {isa = PBXFileReference; lastKnownFileType = sourcecode.c.objc; path = OpenEventTests.m; sourceTree = "<group>"; };
		DC678C911C6076F700E9D6D6 /* Info.plist */ = {isa = PBXFileReference; lastKnownFileType = text.plist.xml; path = Info.plist; sourceTree = "<group>"; };
		DC678C9A1C60778400E9D6D6 /* Podfile */ = {isa = PBXFileReference; lastKnownFileType = text; path = Podfile; sourceTree = "<group>"; };
		FA7C8E4E347419C694699363 /* Pods-OpenEvent.debug.xcconfig */ = {isa = PBXFileReference; includeInIndex = 1; lastKnownFileType = text.xcconfig; name = "Pods-OpenEvent.debug.xcconfig"; path = "Pods/Target Support Files/Pods-OpenEvent/Pods-OpenEvent.debug.xcconfig"; sourceTree = "<group>"; };
/* End PBXFileReference section */

/* Begin PBXFrameworksBuildPhase section */
		DC678C6C1C6076F700E9D6D6 /* Frameworks */ = {
			isa = PBXFrameworksBuildPhase;
			buildActionMask = 2147483647;
			files = (
				3E13A32B8A725FD65C1AB31D /* libPods-OpenEvent.a in Frameworks */,
			);
			runOnlyForDeploymentPostprocessing = 0;
		};
		DC678C881C6076F700E9D6D6 /* Frameworks */ = {
			isa = PBXFrameworksBuildPhase;
			buildActionMask = 2147483647;
			files = (
			);
			runOnlyForDeploymentPostprocessing = 0;
		};
/* End PBXFrameworksBuildPhase section */

/* Begin PBXGroup section */
		3FF145F3DAC61A63D3FE41F0 /* Frameworks */ = {
			isa = PBXGroup;
			children = (
				D0881695BBD598C7FEBC3FA3 /* libPods-OpenEvent.a */,
			);
			name = Frameworks;
			sourceTree = "<group>";
		};
		6309FEC6709ACD5F6FC0B1F4 /* Pods */ = {
			isa = PBXGroup;
			children = (
				FA7C8E4E347419C694699363 /* Pods-OpenEvent.debug.xcconfig */,
				19BA460C2D1FE9459F980BA2 /* Pods-OpenEvent.release.xcconfig */,
			);
			name = Pods;
			sourceTree = "<group>";
		};
		DC1FEBA81C61091600AAEF2E /* coredata */ = {
			isa = PBXGroup;
			children = (
				DC1FEBA91C610B1A00AAEF2E /* OEVersion+CoreDataProperties.h */,
				DC1FEBAA1C610B1A00AAEF2E /* OEVersion+CoreDataProperties.m */,
				DC1FEBAB1C610B1A00AAEF2E /* OEVersion.h */,
				DC1FEBAC1C610B1A00AAEF2E /* OEVersion.m */,
				DC1FEBAD1C610B1A00AAEF2E /* OEMicroLocation+CoreDataProperties.h */,
				DC1FEBAE1C610B1A00AAEF2E /* OEMicroLocation+CoreDataProperties.m */,
				DC1FEBAF1C610B1A00AAEF2E /* OEMicroLocation.h */,
				DC1FEBB01C610B1A00AAEF2E /* OEMicroLocation.m */,
				DC1FEBB11C610B1A00AAEF2E /* OEEvent+CoreDataProperties.h */,
				DC1FEBB21C610B1A00AAEF2E /* OEEvent+CoreDataProperties.m */,
				DC1FEBB31C610B1A00AAEF2E /* OEEvent.h */,
				DC1FEBB41C610B1A00AAEF2E /* OEEvent.m */,
				DC1FEBB51C610B1A00AAEF2E /* OESponsor+CoreDataProperties.h */,
				DC1FEBB61C610B1A00AAEF2E /* OESponsor+CoreDataProperties.m */,
				DC1FEBB71C610B1A00AAEF2E /* OESponsor.h */,
				DC1FEBB81C610B1A00AAEF2E /* OESponsor.m */,
				DC1FEBB91C610B1A00AAEF2E /* OESpeaker+CoreDataProperties.h */,
				DC1FEBBA1C610B1A00AAEF2E /* OESpeaker+CoreDataProperties.m */,
				DC1FEBBB1C610B1A00AAEF2E /* OESpeaker.h */,
				DC1FEBBC1C610B1A00AAEF2E /* OESpeaker.m */,
				DC1FEBBD1C610B1A00AAEF2E /* OESession+CoreDataProperties.h */,
				DC1FEBBE1C610B1A00AAEF2E /* OESession+CoreDataProperties.m */,
				DC1FEBBF1C610B1A00AAEF2E /* OESession.h */,
				DC1FEBC01C610B1A00AAEF2E /* OESession.m */,
				DC1FEBC11C610B1A00AAEF2E /* OETrack+CoreDataProperties.h */,
				DC1FEBC21C610B1A00AAEF2E /* OETrack+CoreDataProperties.m */,
				DC1FEBC31C610B1A00AAEF2E /* OETrack.h */,
				DC1FEBC41C610B1A00AAEF2E /* OETrack.m */,
			);
			path = coredata;
			sourceTree = "<group>";
		};
		DC678C661C6076F700E9D6D6 = {
			isa = PBXGroup;
			children = (
				DC678C9A1C60778400E9D6D6 /* Podfile */,
				DC678C711C6076F700E9D6D6 /* OpenEvent */,
				DC678C8E1C6076F700E9D6D6 /* OpenEventTests */,
				DC678C701C6076F700E9D6D6 /* Products */,
				6309FEC6709ACD5F6FC0B1F4 /* Pods */,
				3FF145F3DAC61A63D3FE41F0 /* Frameworks */,
			);
			sourceTree = "<group>";
		};
		DC678C701C6076F700E9D6D6 /* Products */ = {
			isa = PBXGroup;
			children = (
				DC678C6F1C6076F700E9D6D6 /* OpenEvent.app */,
				DC678C8B1C6076F700E9D6D6 /* OpenEventTests.xctest */,
			);
			name = Products;
			sourceTree = "<group>";
		};
		DC678C711C6076F700E9D6D6 /* OpenEvent */ = {
			isa = PBXGroup;
			children = (
				DC678C9F1C60787500E9D6D6 /* categories */,
				DC678C9B1C60783300E9D6D6 /* api */,
				DC678C9C1C60783900E9D6D6 /* data */,
				DC678C9E1C60786200E9D6D6 /* views */,
				DC678CA01C60788800E9D6D6 /* view_models */,
				DC678C9D1C60785200E9D6D6 /* view_controllers */,
				DC678C751C6076F700E9D6D6 /* AppDelegate.h */,
				DC678C761C6076F700E9D6D6 /* AppDelegate.m */,
				DC678C781C6076F700E9D6D6 /* ViewController.h */,
				DC678C791C6076F700E9D6D6 /* ViewController.m */,
				DC678C7B1C6076F700E9D6D6 /* Main.storyboard */,
				DC678C811C6076F700E9D6D6 /* Assets.xcassets */,
				DC678C831C6076F700E9D6D6 /* LaunchScreen.storyboard */,
				DC678C861C6076F700E9D6D6 /* Info.plist */,
				DC678C7E1C6076F700E9D6D6 /* OpenEvent.xcdatamodeld */,
				DC678C721C6076F700E9D6D6 /* Supporting Files */,
			);
			path = OpenEvent;
			sourceTree = "<group>";
		};
		DC678C721C6076F700E9D6D6 /* Supporting Files */ = {
			isa = PBXGroup;
			children = (
				DC678C731C6076F700E9D6D6 /* main.m */,
			);
			name = "Supporting Files";
			sourceTree = "<group>";
		};
		DC678C8E1C6076F700E9D6D6 /* OpenEventTests */ = {
			isa = PBXGroup;
			children = (
				DC678C8F1C6076F700E9D6D6 /* OpenEventTests.m */,
				DC678C911C6076F700E9D6D6 /* Info.plist */,
			);
			path = OpenEventTests;
			sourceTree = "<group>";
		};
		DC678C9B1C60783300E9D6D6 /* api */ = {
			isa = PBXGroup;
			children = (
			);
			path = api;
			sourceTree = "<group>";
		};
		DC678C9C1C60783900E9D6D6 /* data */ = {
			isa = PBXGroup;
			children = (
				DC1FEBA81C61091600AAEF2E /* coredata */,
			);
			path = data;
			sourceTree = "<group>";
		};
		DC678C9D1C60785200E9D6D6 /* view_controllers */ = {
			isa = PBXGroup;
			children = (
			);
			path = view_controllers;
			sourceTree = "<group>";
		};
		DC678C9E1C60786200E9D6D6 /* views */ = {
			isa = PBXGroup;
			children = (
			);
			path = views;
			sourceTree = "<group>";
		};
		DC678C9F1C60787500E9D6D6 /* categories */ = {
			isa = PBXGroup;
			children = (
			);
			path = categories;
			sourceTree = "<group>";
		};
		DC678CA01C60788800E9D6D6 /* view_models */ = {
			isa = PBXGroup;
			children = (
			);
			path = view_models;
			sourceTree = "<group>";
		};
/* End PBXGroup section */

/* Begin PBXNativeTarget section */
		DC678C6E1C6076F700E9D6D6 /* OpenEvent */ = {
			isa = PBXNativeTarget;
			buildConfigurationList = DC678C941C6076F700E9D6D6 /* Build configuration list for PBXNativeTarget "OpenEvent" */;
			buildPhases = (
				C0ADBD2CB86FF301AD6763E8 /* Check Pods Manifest.lock */,
				DC678C6B1C6076F700E9D6D6 /* Sources */,
				DC678C6C1C6076F700E9D6D6 /* Frameworks */,
				DC678C6D1C6076F700E9D6D6 /* Resources */,
				F4832D8F37CDED0E54E3E2E6 /* Embed Pods Frameworks */,
				164B52F0F19E2F0D5653415E /* Copy Pods Resources */,
			);
			buildRules = (
			);
			dependencies = (
			);
			name = OpenEvent;
			productName = OpenEvent;
			productReference = DC678C6F1C6076F700E9D6D6 /* OpenEvent.app */;
			productType = "com.apple.product-type.application";
		};
		DC678C8A1C6076F700E9D6D6 /* OpenEventTests */ = {
			isa = PBXNativeTarget;
			buildConfigurationList = DC678C971C6076F700E9D6D6 /* Build configuration list for PBXNativeTarget "OpenEventTests" */;
			buildPhases = (
				DC678C871C6076F700E9D6D6 /* Sources */,
				DC678C881C6076F700E9D6D6 /* Frameworks */,
				DC678C891C6076F700E9D6D6 /* Resources */,
			);
			buildRules = (
			);
			dependencies = (
				DC678C8D1C6076F700E9D6D6 /* PBXTargetDependency */,
			);
			name = OpenEventTests;
			productName = OpenEventTests;
			productReference = DC678C8B1C6076F700E9D6D6 /* OpenEventTests.xctest */;
			productType = "com.apple.product-type.bundle.unit-test";
		};
/* End PBXNativeTarget section */

/* Begin PBXProject section */
		DC678C671C6076F700E9D6D6 /* Project object */ = {
			isa = PBXProject;
			attributes = {
				LastUpgradeCheck = 0720;
				ORGANIZATIONNAME = FOSSASIA;
				TargetAttributes = {
					DC678C6E1C6076F700E9D6D6 = {
						CreatedOnToolsVersion = 7.2;
					};
					DC678C8A1C6076F700E9D6D6 = {
						CreatedOnToolsVersion = 7.2;
						TestTargetID = DC678C6E1C6076F700E9D6D6;
					};
				};
			};
			buildConfigurationList = DC678C6A1C6076F700E9D6D6 /* Build configuration list for PBXProject "OpenEvent" */;
			compatibilityVersion = "Xcode 3.2";
			developmentRegion = English;
			hasScannedForEncodings = 0;
			knownRegions = (
				en,
				Base,
			);
			mainGroup = DC678C661C6076F700E9D6D6;
			productRefGroup = DC678C701C6076F700E9D6D6 /* Products */;
			projectDirPath = "";
			projectRoot = "";
			targets = (
				DC678C6E1C6076F700E9D6D6 /* OpenEvent */,
				DC678C8A1C6076F700E9D6D6 /* OpenEventTests */,
			);
		};
/* End PBXProject section */

/* Begin PBXResourcesBuildPhase section */
		DC678C6D1C6076F700E9D6D6 /* Resources */ = {
			isa = PBXResourcesBuildPhase;
			buildActionMask = 2147483647;
			files = (
				DC678C851C6076F700E9D6D6 /* LaunchScreen.storyboard in Resources */,
				DC678C821C6076F700E9D6D6 /* Assets.xcassets in Resources */,
				DC678C7D1C6076F700E9D6D6 /* Main.storyboard in Resources */,
			);
			runOnlyForDeploymentPostprocessing = 0;
		};
		DC678C891C6076F700E9D6D6 /* Resources */ = {
			isa = PBXResourcesBuildPhase;
			buildActionMask = 2147483647;
			files = (
			);
			runOnlyForDeploymentPostprocessing = 0;
		};
/* End PBXResourcesBuildPhase section */

/* Begin PBXShellScriptBuildPhase section */
		164B52F0F19E2F0D5653415E /* Copy Pods Resources */ = {
			isa = PBXShellScriptBuildPhase;
			buildActionMask = 2147483647;
			files = (
			);
			inputPaths = (
			);
			name = "Copy Pods Resources";
			outputPaths = (
			);
			runOnlyForDeploymentPostprocessing = 0;
			shellPath = /bin/sh;
			shellScript = "\"${SRCROOT}/Pods/Target Support Files/Pods-OpenEvent/Pods-OpenEvent-resources.sh\"\n";
			showEnvVarsInLog = 0;
		};
		C0ADBD2CB86FF301AD6763E8 /* Check Pods Manifest.lock */ = {
			isa = PBXShellScriptBuildPhase;
			buildActionMask = 2147483647;
			files = (
			);
			inputPaths = (
			);
			name = "Check Pods Manifest.lock";
			outputPaths = (
			);
			runOnlyForDeploymentPostprocessing = 0;
			shellPath = /bin/sh;
			shellScript = "diff \"${PODS_ROOT}/../Podfile.lock\" \"${PODS_ROOT}/Manifest.lock\" > /dev/null\nif [[ $? != 0 ]] ; then\n    cat << EOM\nerror: The sandbox is not in sync with the Podfile.lock. Run 'pod install' or update your CocoaPods installation.\nEOM\n    exit 1\nfi\n";
			showEnvVarsInLog = 0;
		};
		F4832D8F37CDED0E54E3E2E6 /* Embed Pods Frameworks */ = {
			isa = PBXShellScriptBuildPhase;
			buildActionMask = 2147483647;
			files = (
			);
			inputPaths = (
			);
			name = "Embed Pods Frameworks";
			outputPaths = (
			);
			runOnlyForDeploymentPostprocessing = 0;
			shellPath = /bin/sh;
			shellScript = "\"${SRCROOT}/Pods/Target Support Files/Pods-OpenEvent/Pods-OpenEvent-frameworks.sh\"\n";
			showEnvVarsInLog = 0;
		};
/* End PBXShellScriptBuildPhase section */

/* Begin PBXSourcesBuildPhase section */
		DC678C6B1C6076F700E9D6D6 /* Sources */ = {
			isa = PBXSourcesBuildPhase;
			buildActionMask = 2147483647;
			files = (
				DC1FEBCF1C610B1A00AAEF2E /* OESession+CoreDataProperties.m in Sources */,
				DC1FEBD11C610B1A00AAEF2E /* OETrack+CoreDataProperties.m in Sources */,
				DC1FEBC61C610B1A00AAEF2E /* OEVersion.m in Sources */,
				DC1FEBD21C610B1A00AAEF2E /* OETrack.m in Sources */,
				DC1FEBC51C610B1A00AAEF2E /* OEVersion+CoreDataProperties.m in Sources */,
				DC1FEBC91C610B1A00AAEF2E /* OEEvent+CoreDataProperties.m in Sources */,
				DC678C7A1C6076F700E9D6D6 /* ViewController.m in Sources */,
				DC1FEBCB1C610B1A00AAEF2E /* OESponsor+CoreDataProperties.m in Sources */,
				DC1FEBC81C610B1A00AAEF2E /* OEMicroLocation.m in Sources */,
				DC1FEBCD1C610B1A00AAEF2E /* OESpeaker+CoreDataProperties.m in Sources */,
				DC1FEBC71C610B1A00AAEF2E /* OEMicroLocation+CoreDataProperties.m in Sources */,
				DC1FEBCA1C610B1A00AAEF2E /* OEEvent.m in Sources */,
				DC1FEBCE1C610B1A00AAEF2E /* OESpeaker.m in Sources */,
				DC678C771C6076F700E9D6D6 /* AppDelegate.m in Sources */,
				DC678C801C6076F700E9D6D6 /* OpenEvent.xcdatamodeld in Sources */,
				DC1FEBCC1C610B1A00AAEF2E /* OESponsor.m in Sources */,
				DC1FEBD01C610B1A00AAEF2E /* OESession.m in Sources */,
				DC678C741C6076F700E9D6D6 /* main.m in Sources */,
			);
			runOnlyForDeploymentPostprocessing = 0;
		};
		DC678C871C6076F700E9D6D6 /* Sources */ = {
			isa = PBXSourcesBuildPhase;
			buildActionMask = 2147483647;
			files = (
				DC678C901C6076F700E9D6D6 /* OpenEventTests.m in Sources */,
			);
			runOnlyForDeploymentPostprocessing = 0;
		};
/* End PBXSourcesBuildPhase section */

/* Begin PBXTargetDependency section */
		DC678C8D1C6076F700E9D6D6 /* PBXTargetDependency */ = {
			isa = PBXTargetDependency;
			target = DC678C6E1C6076F700E9D6D6 /* OpenEvent */;
			targetProxy = DC678C8C1C6076F700E9D6D6 /* PBXContainerItemProxy */;
		};
/* End PBXTargetDependency section */

/* Begin PBXVariantGroup section */
		DC678C7B1C6076F700E9D6D6 /* Main.storyboard */ = {
			isa = PBXVariantGroup;
			children = (
				DC678C7C1C6076F700E9D6D6 /* Base */,
			);
			name = Main.storyboard;
			sourceTree = "<group>";
		};
		DC678C831C6076F700E9D6D6 /* LaunchScreen.storyboard */ = {
			isa = PBXVariantGroup;
			children = (
				DC678C841C6076F700E9D6D6 /* Base */,
			);
			name = LaunchScreen.storyboard;
			sourceTree = "<group>";
		};
/* End PBXVariantGroup section */

/* Begin XCBuildConfiguration section */
		DC678C921C6076F700E9D6D6 /* Debug */ = {
			isa = XCBuildConfiguration;
			buildSettings = {
				ALWAYS_SEARCH_USER_PATHS = NO;
				CLANG_CXX_LANGUAGE_STANDARD = "gnu++0x";
				CLANG_CXX_LIBRARY = "libc++";
				CLANG_ENABLE_MODULES = YES;
				CLANG_ENABLE_OBJC_ARC = YES;
				CLANG_WARN_BOOL_CONVERSION = YES;
				CLANG_WARN_CONSTANT_CONVERSION = YES;
				CLANG_WARN_DIRECT_OBJC_ISA_USAGE = YES_ERROR;
				CLANG_WARN_EMPTY_BODY = YES;
				CLANG_WARN_ENUM_CONVERSION = YES;
				CLANG_WARN_INT_CONVERSION = YES;
				CLANG_WARN_OBJC_ROOT_CLASS = YES_ERROR;
				CLANG_WARN_UNREACHABLE_CODE = YES;
				CLANG_WARN__DUPLICATE_METHOD_MATCH = YES;
				"CODE_SIGN_IDENTITY[sdk=iphoneos*]" = "iPhone Developer";
				COPY_PHASE_STRIP = NO;
				DEBUG_INFORMATION_FORMAT = dwarf;
				ENABLE_STRICT_OBJC_MSGSEND = YES;
				ENABLE_TESTABILITY = YES;
				GCC_C_LANGUAGE_STANDARD = gnu99;
				GCC_DYNAMIC_NO_PIC = NO;
				GCC_NO_COMMON_BLOCKS = YES;
				GCC_OPTIMIZATION_LEVEL = 0;
				GCC_PREPROCESSOR_DEFINITIONS = (
					"DEBUG=1",
					"$(inherited)",
				);
				GCC_WARN_64_TO_32_BIT_CONVERSION = YES;
				GCC_WARN_ABOUT_RETURN_TYPE = YES_ERROR;
				GCC_WARN_UNDECLARED_SELECTOR = YES;
				GCC_WARN_UNINITIALIZED_AUTOS = YES_AGGRESSIVE;
				GCC_WARN_UNUSED_FUNCTION = YES;
				GCC_WARN_UNUSED_VARIABLE = YES;
				IPHONEOS_DEPLOYMENT_TARGET = 9.2;
				MTL_ENABLE_DEBUG_INFO = YES;
				ONLY_ACTIVE_ARCH = YES;
				SDKROOT = iphoneos;
				TARGETED_DEVICE_FAMILY = "1,2";
			};
			name = Debug;
		};
		DC678C931C6076F700E9D6D6 /* Release */ = {
			isa = XCBuildConfiguration;
			buildSettings = {
				ALWAYS_SEARCH_USER_PATHS = NO;
				CLANG_CXX_LANGUAGE_STANDARD = "gnu++0x";
				CLANG_CXX_LIBRARY = "libc++";
				CLANG_ENABLE_MODULES = YES;
				CLANG_ENABLE_OBJC_ARC = YES;
				CLANG_WARN_BOOL_CONVERSION = YES;
				CLANG_WARN_CONSTANT_CONVERSION = YES;
				CLANG_WARN_DIRECT_OBJC_ISA_USAGE = YES_ERROR;
				CLANG_WARN_EMPTY_BODY = YES;
				CLANG_WARN_ENUM_CONVERSION = YES;
				CLANG_WARN_INT_CONVERSION = YES;
				CLANG_WARN_OBJC_ROOT_CLASS = YES_ERROR;
				CLANG_WARN_UNREACHABLE_CODE = YES;
				CLANG_WARN__DUPLICATE_METHOD_MATCH = YES;
				"CODE_SIGN_IDENTITY[sdk=iphoneos*]" = "iPhone Developer";
				COPY_PHASE_STRIP = NO;
				DEBUG_INFORMATION_FORMAT = "dwarf-with-dsym";
				ENABLE_NS_ASSERTIONS = NO;
				ENABLE_STRICT_OBJC_MSGSEND = YES;
				GCC_C_LANGUAGE_STANDARD = gnu99;
				GCC_NO_COMMON_BLOCKS = YES;
				GCC_WARN_64_TO_32_BIT_CONVERSION = YES;
				GCC_WARN_ABOUT_RETURN_TYPE = YES_ERROR;
				GCC_WARN_UNDECLARED_SELECTOR = YES;
				GCC_WARN_UNINITIALIZED_AUTOS = YES_AGGRESSIVE;
				GCC_WARN_UNUSED_FUNCTION = YES;
				GCC_WARN_UNUSED_VARIABLE = YES;
				IPHONEOS_DEPLOYMENT_TARGET = 9.2;
				MTL_ENABLE_DEBUG_INFO = NO;
				SDKROOT = iphoneos;
				TARGETED_DEVICE_FAMILY = "1,2";
				VALIDATE_PRODUCT = YES;
			};
			name = Release;
		};
		DC678C951C6076F700E9D6D6 /* Debug */ = {
			isa = XCBuildConfiguration;
			baseConfigurationReference = FA7C8E4E347419C694699363 /* Pods-OpenEvent.debug.xcconfig */;
			buildSettings = {
				ASSETCATALOG_COMPILER_APPICON_NAME = AppIcon;
				INFOPLIST_FILE = OpenEvent/Info.plist;
				LD_RUNPATH_SEARCH_PATHS = "$(inherited) @executable_path/Frameworks";
				PRODUCT_BUNDLE_IDENTIFIER = org.fossasia.OpenEvent;
				PRODUCT_NAME = "$(TARGET_NAME)";
			};
			name = Debug;
		};
		DC678C961C6076F700E9D6D6 /* Release */ = {
			isa = XCBuildConfiguration;
			baseConfigurationReference = 19BA460C2D1FE9459F980BA2 /* Pods-OpenEvent.release.xcconfig */;
			buildSettings = {
				ASSETCATALOG_COMPILER_APPICON_NAME = AppIcon;
				INFOPLIST_FILE = OpenEvent/Info.plist;
				LD_RUNPATH_SEARCH_PATHS = "$(inherited) @executable_path/Frameworks";
				PRODUCT_BUNDLE_IDENTIFIER = org.fossasia.OpenEvent;
				PRODUCT_NAME = "$(TARGET_NAME)";
			};
			name = Release;
		};
		DC678C981C6076F700E9D6D6 /* Debug */ = {
			isa = XCBuildConfiguration;
			buildSettings = {
				BUNDLE_LOADER = "$(TEST_HOST)";
				INFOPLIST_FILE = OpenEventTests/Info.plist;
				LD_RUNPATH_SEARCH_PATHS = "$(inherited) @executable_path/Frameworks @loader_path/Frameworks";
				PRODUCT_BUNDLE_IDENTIFIER = org.fossasia.OpenEventTests;
				PRODUCT_NAME = "$(TARGET_NAME)";
				TEST_HOST = "$(BUILT_PRODUCTS_DIR)/OpenEvent.app/OpenEvent";
			};
			name = Debug;
		};
		DC678C991C6076F700E9D6D6 /* Release */ = {
			isa = XCBuildConfiguration;
			buildSettings = {
				BUNDLE_LOADER = "$(TEST_HOST)";
				INFOPLIST_FILE = OpenEventTests/Info.plist;
				LD_RUNPATH_SEARCH_PATHS = "$(inherited) @executable_path/Frameworks @loader_path/Frameworks";
				PRODUCT_BUNDLE_IDENTIFIER = org.fossasia.OpenEventTests;
				PRODUCT_NAME = "$(TARGET_NAME)";
				TEST_HOST = "$(BUILT_PRODUCTS_DIR)/OpenEvent.app/OpenEvent";
			};
			name = Release;
		};
/* End XCBuildConfiguration section */

/* Begin XCConfigurationList section */
		DC678C6A1C6076F700E9D6D6 /* Build configuration list for PBXProject "OpenEvent" */ = {
			isa = XCConfigurationList;
			buildConfigurations = (
				DC678C921C6076F700E9D6D6 /* Debug */,
				DC678C931C6076F700E9D6D6 /* Release */,
			);
			defaultConfigurationIsVisible = 0;
			defaultConfigurationName = Release;
		};
		DC678C941C6076F700E9D6D6 /* Build configuration list for PBXNativeTarget "OpenEvent" */ = {
			isa = XCConfigurationList;
			buildConfigurations = (
				DC678C951C6076F700E9D6D6 /* Debug */,
				DC678C961C6076F700E9D6D6 /* Release */,
			);
			defaultConfigurationIsVisible = 0;
			defaultConfigurationName = Release;
		};
		DC678C971C6076F700E9D6D6 /* Build configuration list for PBXNativeTarget "OpenEventTests" */ = {
			isa = XCConfigurationList;
			buildConfigurations = (
				DC678C981C6076F700E9D6D6 /* Debug */,
				DC678C991C6076F700E9D6D6 /* Release */,
			);
			defaultConfigurationIsVisible = 0;
			defaultConfigurationName = Release;
		};
/* End XCConfigurationList section */

/* Begin XCVersionGroup section */
		DC678C7E1C6076F700E9D6D6 /* OpenEvent.xcdatamodeld */ = {
			isa = XCVersionGroup;
			children = (
				DC678C7F1C6076F700E9D6D6 /* OpenEvent.xcdatamodel */,
			);
			currentVersion = DC678C7F1C6076F700E9D6D6 /* OpenEvent.xcdatamodel */;
			path = OpenEvent.xcdatamodeld;
			sourceTree = "<group>";
			versionGroupType = wrapper.xcdatamodel;
		};
/* End XCVersionGroup section */
	};
	rootObject = DC678C671C6076F700E9D6D6 /* Project object */;
}
